
Microsoft Visual Studio Solution File, Format Version 12.00
# Visual Studio Version 17
VisualStudioVersion = 17.12.35707.178
MinimumVisualStudioVersion = 10.0.40219.1
Project("{FAE04EC0-301F-11D3-BF4B-00C04F79EFBC}") = "Routya.ConfigKit", "Routya.ConfigKit.csproj", "{312297D6-4E01-4767-B37C-28A70D28924B}"
EndProject
Project("{FAE04EC0-301F-11D3-BF4B-00C04F79EFBC}") = "Routya.ConfigDemo", "..\Routya.ConfigDemo\Routya.ConfigDemo.csproj", "{653FCDF8-1180-416B-BC44-B2F9689853E3}"
EndProject
Project("{FAE04EC0-301F-11D3-BF4B-00C04F79EFBC}") = "Routya.ConfigKit.Generator", "..\Routya.ConfigKit.Generator\Routya.ConfigKit.Generator.csproj", "{5682789D-16C6-4CA7-8E28-058CE5C5322B}"
EndProject
Global
	GlobalSection(SolutionConfigurationPlatforms) = preSolution
		Debug|Any CPU = Debug|Any CPU
		Release|Any CPU = Release|Any CPU
	EndGlobalSection
	GlobalSection(ProjectConfigurationPlatforms) = postSolution
		{312297D6-4E01-4767-B37C-28A70D28924B}.Debug|Any CPU.ActiveCfg = Debug|Any CPU
		{312297D6-4E01-4767-B37C-28A70D28924B}.Debug|Any CPU.Build.0 = Debug|Any CPU
		{312297D6-4E01-4767-B37C-28A70D28924B}.Release|Any CPU.ActiveCfg = Release|Any CPU
		{312297D6-4E01-4767-B37C-28A70D28924B}.Release|Any CPU.Build.0 = Release|Any CPU
		{653FCDF8-1180-416B-BC44-B2F9689853E3}.Debug|Any CPU.ActiveCfg = Debug|Any CPU
		{653FCDF8-1180-416B-BC44-B2F9689853E3}.Debug|Any CPU.Build.0 = Debug|Any CPU
		{653FCDF8-1180-416B-BC44-B2F9689853E3}.Release|Any CPU.ActiveCfg = Release|Any CPU
		{653FCDF8-1180-416B-BC44-B2F9689853E3}.Release|Any CPU.Build.0 = Release|Any CPU
		{5682789D-16C6-4CA7-8E28-058CE5C5322B}.Debug|Any CPU.ActiveCfg = Debug|Any CPU
		{5682789D-16C6-4CA7-8E28-058CE5C5322B}.Debug|Any CPU.Build.0 = Debug|Any CPU
		{5682789D-16C6-4CA7-8E28-058CE5C5322B}.Release|Any CPU.ActiveCfg = Release|Any CPU
		{5682789D-16C6-4CA7-8E28-058CE5C5322B}.Release|Any CPU.Build.0 = Release|Any CPU
	EndGlobalSection
	GlobalSection(SolutionProperties) = preSolution
		HideSolutionNode = FALSE
	EndGlobalSection
	GlobalSection(ExtensibilityGlobals) = postSolution
		SolutionGuid = {B623F518-4DF1-4D5B-887C-3B98C3107C27}
	EndGlobalSection
EndGlobal
